{
  "name": "@aegis/runtime-bridge",
  "version": "0.3.0",
  "lockfileVersion": 3,
  "requires": true,
  "packages": {
    "": {
      "name": "@aegis/runtime-bridge",
      "version": "0.3.0",
      "dependencies": {
        "@php-wasm/node": "3.1.50",
        "@php-wasm/universal": "3.1.50"
      }
    },
    "node_modules/@nodable/entities": {
      "version": "3.0.0",
      "resolved": "https://registry.npmjs.org/@nodable/entities/-/entities-3.0.0.tgz",
      "integrity": "sha512-8L9xFeTYKhm49xfIypoe2W5wV1m/3Z58kT+7kR9A8OyFxcPduI4VmxaUMQyKYrRjUoLLSXv6EKKID5Tvj9cUVw==",
      "funding": [
        {
          "type": "github",
          "url": "https://github.com/sponsors/nodable"
        }
      ],
      "license": "MIT"
    },
    "node_modules/@php-wasm/cli-util": {
      "version": "3.1.50",
      "resolved": "https://registry.npmjs.org/@php-wasm/cli-util/-/cli-util-3.1.50.tgz",
      "integrity": "sha512-z7O90Vej+MzJbJQn0OcJlvafTADT9gpsO9MfFXAswNS02b/o+f9o/vAifDQIm0GRuX2DrHU9trml169PH9YHaA==",
      "license": "GPL-2.0-or-later",
      "dependencies": {
        "@php-wasm/util": "3.1.50",
        "fast-xml-parser": "^5.8.0",
        "jsonc-parser": "3.3.1"
      },
      "engines": {
        "node": ">=20.10.0",
        "npm": ">=10.2.3"
      }
    },
    "node_modules/@php-wasm/logger": {
      "version": "3.1.50",
      "resolved": "https://registry.npmjs.org/@php-wasm/logger/-/logger-3.1.50.tgz",
      "integrity": "sha512-fkseJcXaohL/DgsAemAe8WZdLpYkbFfpJ9IwrriBvmnHAIw0psx2Ed3imoxwJeIKKV9LGU6Deba+Liw/OVgQ5g==",
      "license": "GPL-2.0-or-later",
      "engines": {
        "node": ">=20.10.0",
        "npm": ">=10.2.3"
      }
    },
    "node_modules/@php-wasm/node": {
      "version": "3.1.50",
      "resolved": "https://registry.npmjs.org/@php-wasm/node/-/node-3.1.50.tgz",
      "integrity": "sha512-nD3Gra3bwt1IAbuMY8XzMt9IdCIHHVgQYr/dFvfyuHxdF5uacHhqAahQ3FuKtXKLL23eTpIKwX+4Xi5Pk5ofxQ==",
      "license": "GPL-2.0-or-later",
      "dependencies": {
        "@php-wasm/cli-util": "3.1.50",
        "@php-wasm/logger": "3.1.50",
        "@php-wasm/node-5-2": "3.1.50",
        "@php-wasm/node-7-4": "3.1.50",
        "@php-wasm/node-8-0": "3.1.50",
        "@php-wasm/node-8-1": "3.1.50",
        "@php-wasm/node-8-2": "3.1.50",
        "@php-wasm/node-8-3": "3.1.50",
        "@php-wasm/node-8-4": "3.1.50",
        "@php-wasm/node-8-5": "3.1.50",
        "@php-wasm/universal": "3.1.50",
        "@php-wasm/util": "3.1.50",
        "fs-ext-extra-prebuilt": "2.2.7",
        "wasm-feature-detect": "1.8.0",
        "ws": "8.21.0"
      },
      "engines": {
        "node": ">=20.10.0",
        "npm": ">=10.2.3"
      }
    },
    "node_modules/@php-wasm/node-5-2": {
      "version": "3.1.50",
      "resolved": "https://registry.npmjs.org/@php-wasm/node-5-2/-/node-5-2-3.1.50.tgz",
      "integrity": "sha512-jx/7B0kE0KOGSQ+I4Qn5s4pob7sETIFprzKEZ0WOw+h8cqO8nGwfsmo2oKlokRK1D7XLloTx5bY5i2HcEe+//g==",
      "license": "GPL-2.0-or-later",
      "dependencies": {
        "@php-wasm/universal": "3.1.50",
        "wasm-feature-detect": "1.8.0"
      },
      "engines": {
        "node": ">=20.10.0",
        "npm": ">=10.2.3"
      }
    },
    "node_modules/@php-wasm/node-7-4": {
      "version": "3.1.50",
      "resolved": "https://registry.npmjs.org/@php-wasm/node-7-4/-/node-7-4-3.1.50.tgz",
      "integrity": "sha512-gm+3qYmgA14F2wA5jIHvkC40ybi8q5SWwYv1proEzt6pqbYzduwyoCheV2JGGu6TNL4ko15cHBu2FqdZYk4uZg==",
      "license": "GPL-2.0-or-later",
      "dependencies": {
        "@php-wasm/universal": "3.1.50",
        "wasm-feature-detect": "1.8.0"
      },
      "engines": {
        "node": ">=20.10.0",
        "npm": ">=10.2.3"
      }
    },
    "node_modules/@php-wasm/node-8-0": {
      "version": "3.1.50",
      "resolved": "https://registry.npmjs.org/@php-wasm/node-8-0/-/node-8-0-3.1.50.tgz",
      "integrity": "sha512-u2IsqD25LeUfkcA2SxMsy1uF1iyG75ROrUYk+1r7ldlNZIMCZ81ooK4idGWRXDZI5KIUAsesf59VRQM9QP3TbA==",
      "license": "GPL-2.0-or-later",
      "dependencies": {
        "@php-wasm/universal": "3.1.50",
        "wasm-feature-detect": "1.8.0"
      },
      "engines": {
        "node": ">=20.10.0",
        "npm": ">=10.2.3"
      }
    },
    "node_modules/@php-wasm/node-8-1": {
      "version": "3.1.50",
      "resolved": "https://registry.npmjs.org/@php-wasm/node-8-1/-/node-8-1-3.1.50.tgz",
      "integrity": "sha512-f13QEUYT5s4B9gupp03bgm/4jD18prdZzDYh7aGOyQ/Le1SxVMcpBfLXwxTakvS66m4EWqpaMiOPptazjyShuQ==",
      "license": "GPL-2.0-or-later",
      "dependencies": {
        "@php-wasm/universal": "3.1.50",
        "wasm-feature-detect": "1.8.0"
      },
      "engines": {
        "node": ">=20.10.0",
        "npm": ">=10.2.3"
      }
    },
    "node_modules/@php-wasm/node-8-2": {
      "version": "3.1.50",
      "resolved": "https://registry.npmjs.org/@php-wasm/node-8-2/-/node-8-2-3.1.50.tgz",
      "integrity": "sha512-PzBXr4ISdl3kZAPC0YvG/4w5PeSGeHm0vU/O4q6oXNFy/WmWO1BMnPc7UKrBJ+G98cxhjkxy7Kewf1kdfwbUvQ==",
      "license": "GPL-2.0-or-later",
      "dependencies": {
        "@php-wasm/universal": "3.1.50",
        "wasm-feature-detect": "1.8.0"
      },
      "engines": {
        "node": ">=20.10.0",
        "npm": ">=10.2.3"
      }
    },
    "node_modules/@php-wasm/node-8-3": {
      "version": "3.1.50",
      "resolved": "https://registry.npmjs.org/@php-wasm/node-8-3/-/node-8-3-3.1.50.tgz",
      "integrity": "sha512-VeWihdXDyfW4cpXJaX0+MHJ1Pg8uMOzg6e+6P6G8TmMZZy3xKZGkV8GDneeRrzlHmxbNpmNfoFrQZhQ2gAMFvQ==",
      "license": "GPL-2.0-or-later",
      "dependencies": {
        "@php-wasm/universal": "3.1.50",
        "wasm-feature-detect": "1.8.0"
      },
      "engines": {
        "node": ">=20.10.0",
        "npm": ">=10.2.3"
      }
    },
    "node_modules/@php-wasm/node-8-4": {
      "version": "3.1.50",
      "resolved": "https://registry.npmjs.org/@php-wasm/node-8-4/-/node-8-4-3.1.50.tgz",
      "integrity": "sha512-RdJ1TvcYupehUze1ln9xcRaJ6YFNChTf3WduNZbLRv266CYg+/C7ogAkiy6kQeKOZlk0+bHXNh+D3ed9s5srPQ==",
      "license": "GPL-2.0-or-later",
      "dependencies": {
        "@php-wasm/universal": "3.1.50",
        "wasm-feature-detect": "1.8.0"
      },
      "engines": {
        "node": ">=20.10.0",
        "npm": ">=10.2.3"
      }
    },
    "node_modules/@php-wasm/node-8-5": {
      "version": "3.1.50",
      "resolved": "https://registry.npmjs.org/@php-wasm/node-8-5/-/node-8-5-3.1.50.tgz",
      "integrity": "sha512-Ppcnd1eV5KSdAuwJbrDKJNMmCwPmcHxnfhdkXomI8y4qed20+2ad3I4Vu0Gzm80ARBTgFBnUd4im9oyRjKwnqw==",
      "license": "GPL-2.0-or-later",
      "dependencies": {
        "@php-wasm/universal": "3.1.50",
        "wasm-feature-detect": "1.8.0"
      },
      "engines": {
        "node": ">=20.10.0",
        "npm": ">=10.2.3"
      }
    },
    "node_modules/@php-wasm/progress": {
      "version": "3.1.50",
      "resolved": "https://registry.npmjs.org/@php-wasm/progress/-/progress-3.1.50.tgz",
      "integrity": "sha512-QRrDYcyMdSVI2v7dmSNPX3c7VWLYChPxZXvCETB2fKfXXYhtbesfxUN2OuGgemy91vyj9E/zIowc6z9ORvFeyQ==",
      "license": "GPL-2.0-or-later",
      "dependencies": {
        "@php-wasm/logger": "3.1.50"
      },
      "engines": {
        "node": ">=20.10.0",
        "npm": ">=10.2.3"
      }
    },
    "node_modules/@php-wasm/stream-compression": {
      "version": "3.1.50",
      "resolved": "https://registry.npmjs.org/@php-wasm/stream-compression/-/stream-compression-3.1.50.tgz",
      "integrity": "sha512-bRQXVIO2hNswlRwIjAbOvjTpiG/6auhzLRV3F2YL/NIWTr8g785ebNHEHP7QyH2tBey2UOXGKWTsGQS7NCiBcw==",
      "license": "GPL-2.0-or-later",
      "dependencies": {
        "@php-wasm/util": "3.1.50"
      }
    },
    "node_modules/@php-wasm/universal": {
      "version": "3.1.50",
      "resolved": "https://registry.npmjs.org/@php-wasm/universal/-/universal-3.1.50.tgz",
      "integrity": "sha512-HvJ//8hPCcTbpoquKVrmSZ1Jg14bN2C6TrQ0OvVXQJe+tIVmjHfLefvtvVOuNn3nY5XqFHp8QCRpGCbr0hC+aA==",
      "license": "GPL-2.0-or-later",
      "dependencies": {
        "@php-wasm/logger": "3.1.50",
        "@php-wasm/progress": "3.1.50",
        "@php-wasm/stream-compression": "3.1.50",
        "@php-wasm/util": "3.1.50",
        "ini": "4.1.2"
      },
      "engines": {
        "node": ">=20.10.0",
        "npm": ">=10.2.3"
      }
    },
    "node_modules/@php-wasm/util": {
      "version": "3.1.50",
      "resolved": "https://registry.npmjs.org/@php-wasm/util/-/util-3.1.50.tgz",
      "integrity": "sha512-7lFPrxH2q7nvMDSMHkKMhyJJpO9lyEYLo5xpR4GO4k7poKK3Vvml5oKn02qAxhdInP4Q9l57zsp8Zc9uNQqjrg==",
      "engines": {
        "node": ">=20.10.0",
        "npm": ">=10.2.3"
      }
    },
    "node_modules/anynum": {
      "version": "1.0.1",
      "resolved": "https://registry.npmjs.org/anynum/-/anynum-1.0.1.tgz",
      "integrity": "sha512-N6//FLET/tXYNM/F6ABca1oH6fWB+KlTt909Le28WMDBk8oaT4vY17DCrwg2MvmuqUKt3Ni4N5dGJ/EoBgcO6A==",
      "funding": [
        {
          "type": "github",
          "url": "https://github.com/sponsors/NaturalIntelligence"
        }
      ],
      "license": "MIT"
    },
    "node_modules/fast-xml-builder": {
      "version": "1.3.1",
      "resolved": "https://registry.npmjs.org/fast-xml-builder/-/fast-xml-builder-1.3.1.tgz",
      "integrity": "sha512-pIM/1n3ntFXKYrUZwW7QCK0gAW7XY+wzj1YMIV3tLDvPj/V+zTGJK5e3/4WJfwj0qWw2ElNXiTixda/R+3YSug==",
      "funding": [
        {
          "type": "github",
          "url": "https://github.com/sponsors/NaturalIntelligence"
        }
      ],
      "license": "MIT",
      "dependencies": {
        "path-expression-matcher": "^1.6.2",
        "xml-naming": "^0.3.0"
      }
    },
    "node_modules/fast-xml-parser": {
      "version": "5.11.0",
      "resolved": "https://registry.npmjs.org/fast-xml-parser/-/fast-xml-parser-5.11.0.tgz",
      "integrity": "sha512-9IGxMqvqLOnqP+Egi1nqDHKv5k8aZ7r9n558enxcucmyVGEBNPAU+MOg/8jPIS7rO7sSq4gFm1/nHtiaubMruw==",
      "funding": [
        {
          "type": "github",
          "url": "https://github.com/sponsors/NaturalIntelligence"
        }
      ],
      "license": "MIT",
      "dependencies": {
        "@nodable/entities": "^3.0.0",
        "fast-xml-builder": "^1.2.0",
        "is-unsafe": "^2.0.0",
        "path-expression-matcher": "^1.6.2",
        "strnum": "^2.4.2",
        "xml-naming": "^0.3.0"
      },
      "bin": {
        "fxparser": "src/cli/cli.js"
      }
    },
    "node_modules/fs-ext-extra-prebuilt": {
      "version": "2.2.7",
      "resolved": "https://registry.npmjs.org/fs-ext-extra-prebuilt/-/fs-ext-extra-prebuilt-2.2.7.tgz",
      "integrity": "sha512-Q7rayYRBDIvDF01HWOwSSjoaP+05N1g+o3BXL1Zf8Frw2JkjSmi4EtvCBITuW30l6hB2m2TW1pehdh8wyU/+gw==",
      "hasInstallScript": true,
      "license": "MIT",
      "dependencies": {
        "nan": "^2.24.0"
      },
      "engines": {
        "node": ">= 8.0.0"
      }
    },
    "node_modules/ini": {
      "version": "4.1.2",
      "resolved": "https://registry.npmjs.org/ini/-/ini-4.1.2.tgz",
      "integrity": "sha512-AMB1mvwR1pyBFY/nSevUX6y8nJWS63/SzUKD3JyQn97s4xgIdgQPT75IRouIiBAN4yLQBUShNYVW0+UG25daCw==",
      "license": "ISC",
      "engines": {
        "node": "^14.17.0 || ^16.13.0 || >=18.0.0"
      }
    },
    "node_modules/is-unsafe": {
      "version": "2.0.2",
      "resolved": "https://registry.npmjs.org/is-unsafe/-/is-unsafe-2.0.2.tgz",
      "integrity": "sha512-HgbIHPBH0KHHCcjLfGsCvhtPTVxjaAZlXjwdz7/GQC40SjSe4sfQsar8J5VFo8JOSbarkpV0OLG95bbaNd9aAQ==",
      "funding": [
        {
          "type": "github",
          "url": "https://github.com/sponsors/NaturalIntelligence"
        }
      ],
      "license": "MIT"
    },
    "node_modules/jsonc-parser": {
      "version": "3.3.1",
      "resolved": "https://registry.npmjs.org/jsonc-parser/-/jsonc-parser-3.3.1.tgz",
      "integrity": "sha512-HUgH65KyejrUFPvHFPbqOY0rsFip3Bo5wb4ngvdi1EpCYWUQDC5V+Y7mZws+DLkr4M//zQJoanu1SP+87Dv1oQ==",
      "license": "MIT"
    },
    "node_modules/nan": {
      "version": "2.28.0",
      "resolved": "https://registry.npmjs.org/nan/-/nan-2.28.0.tgz",
      "integrity": "sha512-fTsDz99OTq2sVePhGdp4qQhggZFtKr64ZNVyVajRKtMOkJxYekplBh577PiJB12v/D3s2E5cGtOI45LWp6rnLQ==",
      "license": "MIT"
    },
    "node_modules/path-expression-matcher": {
      "version": "1.6.2",
      "resolved": "https://registry.npmjs.org/path-expression-matcher/-/path-expression-matcher-1.6.2.tgz",
      "integrity": "sha512-enSlaiat05iasnzmgNxRj8reFdj3puY2QpNgP1aPIaVfT6nn9ICuPoFlKHk8EN22HcwewshO+mN2DGbkCEOtqQ==",
      "funding": [
        {
          "type": "github",
          "url": "https://github.com/sponsors/NaturalIntelligence"
        }
      ],
      "license": "MIT",
      "engines": {
        "node": ">=14.0.0"
      }
    },
    "node_modules/strnum": {
      "version": "2.4.2",
      "resolved": "https://registry.npmjs.org/strnum/-/strnum-2.4.2.tgz",
      "integrity": "sha512-rDG3Ah4TV0k1hWvLSzkZtMmLN9+eS+h3knq4MP6A42Y3Yh5qGNnOUs1jJkoSr8FG5dsL28c7KgkIBzSEykqtuw==",
      "funding": [
        {
          "type": "github",
          "url": "https://github.com/sponsors/NaturalIntelligence"
        }
      ],
      "license": "MIT",
      "dependencies": {
        "anynum": "^1.0.1"
      }
    },
    "node_modules/wasm-feature-detect": {
      "version": "1.8.0",
      "resolved": "https://registry.npmjs.org/wasm-feature-detect/-/wasm-feature-detect-1.8.0.tgz",
      "integrity": "sha512-zksaLKM2fVlnB5jQQDqKXXwYHLQUVH9es+5TOOHwGOVJOCeRBCiPjwSg+3tN2AdTCzjgli4jijCH290kXb/zWQ==",
      "license": "Apache-2.0"
    },
    "node_modules/ws": {
      "version": "8.21.0",
      "resolved": "https://registry.npmjs.org/ws/-/ws-8.21.0.tgz",
      "integrity": "sha512-Vsp28b7DRcimFQvrqu2Wek3z1iYxDCWqHYB8Qsnk/S4RfaCQzPGPyBNuVjJV3cd6UiKtUtp6sNM77gWvzcCH+g==",
      "license": "MIT",
      "engines": {
        "node": ">=10.0.0"
      },
      "peerDependencies": {
        "bufferutil": "^4.0.1",
        "utf-8-validate": ">=5.0.2"
      },
      "peerDependenciesMeta": {
        "bufferutil": {
          "optional": true
        },
        "utf-8-validate": {
          "optional": true
        }
      }
    },
    "node_modules/xml-naming": {
      "version": "0.3.0",
      "resolved": "https://registry.npmjs.org/xml-naming/-/xml-naming-0.3.0.tgz",
      "integrity": "sha512-ghig2TBE/H11aOVgmahA3MhimvkBr6JIYknH/Dhdk10nXwdbIqBJsbfMxpvFPG8bAw77gN29aQWvKpmVoPlvPQ==",
      "funding": [
        {
          "type": "github",
          "url": "https://github.com/sponsors/NaturalIntelligence"
        }
      ],
      "license": "MIT",
      "engines": {
        "node": ">=16.0.0"
      }
    }
  }
}
